
Microsoft Visual Studio Solution File, Format Version 12.00
# Visual Studio Version 17
VisualStudioVersion = 17.1.32228.430
MinimumVisualStudioVersion = 10.0.40219.1
Project("{8BC9CEB8-8B4A-11D0-8D11-00A0C91BC942}") = "BTM", "..\BTM.prj\BTM.vcxproj", "{CB0FCB40-46F9-4094-9494-AF14CA66612B}"
	ProjectSection(ProjectDependencies) = postProject
		{FB47E080-72D3-43F9-AE18-1432DA813531} = {FB47E080-72D3-43F9-AE18-1432DA813531}
	EndProjectSection
EndProject
Project("{8BC9CEB8-8B4A-11D0-8D11-00A0C91BC942}") = "RacesTraining.hlp", "..\RacesTraining.hlp\RacesTraining.hlp.vcxproj", "{FB47E080-72D3-43F9-AE18-1432DA813531}"
EndProject
Project("{8BC9CEB8-8B4A-11D0-8D11-00A0C91BC942}") = "RacesTraining", "..\RacesTraining.prj\RacesTraining.vcxproj", "{04A5A256-D474-44DE-89F3-EF00F06D1226}"
	ProjectSection(ProjectDependencies) = postProject
		{CB0FCB40-46F9-4094-9494-AF14CA66612B} = {CB0FCB40-46F9-4094-9494-AF14CA66612B}
		{FB47E080-72D3-43F9-AE18-1432DA813531} = {FB47E080-72D3-43F9-AE18-1432DA813531}
	EndProjectSection
EndProject
Project("{B7DD6F7E-DEF8-4E67-B5B7-07EF123DB6F0}") = "RacesTraining.wix", "..\RacesTraining.wix\RacesTraining.wix.wixproj", "{A4F82EFD-772A-EBC0-586A-69D651A32F62}"
	ProjectSection(ProjectDependencies) = postProject
		{04A5A256-D474-44DE-89F3-EF00F06D1226} = {04A5A256-D474-44DE-89F3-EF00F06D1226}
		{CB0FCB40-46F9-4094-9494-AF14CA66612B} = {CB0FCB40-46F9-4094-9494-AF14CA66612B}
		{FB47E080-72D3-43F9-AE18-1432DA813531} = {FB47E080-72D3-43F9-AE18-1432DA813531}
	EndProjectSection
EndProject
Global
	GlobalSection(SolutionConfigurationPlatforms) = preSolution
		Debug|x64 = Debug|x64
		Release|x64 = Release|x64
	EndGlobalSection
	GlobalSection(ProjectConfigurationPlatforms) = postSolution
		{CB0FCB40-46F9-4094-9494-AF14CA66612B}.Debug|x64.ActiveCfg = Debug|x64
		{CB0FCB40-46F9-4094-9494-AF14CA66612B}.Debug|x64.Build.0 = Debug|x64
		{CB0FCB40-46F9-4094-9494-AF14CA66612B}.Release|x64.ActiveCfg = Release|x64
		{CB0FCB40-46F9-4094-9494-AF14CA66612B}.Release|x64.Build.0 = Release|x64
		{FB47E080-72D3-43F9-AE18-1432DA813531}.Debug|x64.ActiveCfg = Debug|x64
		{FB47E080-72D3-43F9-AE18-1432DA813531}.Debug|x64.Build.0 = Debug|x64
		{FB47E080-72D3-43F9-AE18-1432DA813531}.Release|x64.ActiveCfg = Release|x64
		{FB47E080-72D3-43F9-AE18-1432DA813531}.Release|x64.Build.0 = Release|x64
		{04A5A256-D474-44DE-89F3-EF00F06D1226}.Debug|x64.ActiveCfg = Debug|x64
		{04A5A256-D474-44DE-89F3-EF00F06D1226}.Debug|x64.Build.0 = Debug|x64
		{04A5A256-D474-44DE-89F3-EF00F06D1226}.Release|x64.ActiveCfg = Release|x64
		{04A5A256-D474-44DE-89F3-EF00F06D1226}.Release|x64.Build.0 = Release|x64
		{A4F82EFD-772A-EBC0-586A-69D651A32F62}.Debug|x64.ActiveCfg = Debug|x64
		{A4F82EFD-772A-EBC0-586A-69D651A32F62}.Release|x64.ActiveCfg = Release|x64
		{A4F82EFD-772A-EBC0-586A-69D651A32F62}.Release|x64.Build.0 = Release|x64
	EndGlobalSection
	GlobalSection(SolutionProperties) = preSolution
		HideSolutionNode = FALSE
	EndGlobalSection
	GlobalSection(ExtensibilityGlobals) = postSolution
		SolutionGuid = {86240205-D992-4804-B7D8-ACBD6B6C0F23}
	EndGlobalSection
EndGlobal
