<?xml version="1.0" encoding="utf-8"?>
<Project ToolsVersion="4.0" xmlns="http://schemas.microsoft.com/developer/msbuild/2003">
  <ItemGroup>
    <Filter Include="Source Files">
      <UniqueIdentifier>{4FC737F1-C7A5-4376-A066-2A32D752A2FF}</UniqueIdentifier>
      <Extensions>cpp;c;cc;cxx;def;odl;idl;hpj;bat;asm;asmx</Extensions>
    </Filter>
    <Filter Include="Header Files">
      <UniqueIdentifier>{93995380-89BD-4b04-88EB-625FBE52EBFB}</UniqueIdentifier>
      <Extensions>h;hh;hpp;hxx;hm;inl;inc;ipp;xsd</Extensions>
    </Filter>
    <Filter Include="Resource Files">
      <UniqueIdentifier>{67DA6AB6-F800-4c08-8B7A-83BB121AAD01}</UniqueIdentifier>
      <Extensions>rc;ico;cur;bmp;dlg;rc2;rct;bin;rgs;gif;jpg;jpeg;jpe;resx;tiff;tif;png;wav;mfcribbon-ms</Extensions>
    </Filter>
  </ItemGroup>
  <ItemGroup>
    <ClInclude Include="targetver.h">
      <Filter>Header Files</Filter>
    </ClInclude>
    <ClInclude Include="Resource.h">
      <Filter>Header Files</Filter>
    </ClInclude>
    <ClInclude Include="stdafx.h">
      <Filter>Header Files</Filter>
    </ClInclude>
    <ClInclude Include="MainFrame.h">
      <Filter>Header Files</Filter>
    </ClInclude>
    <ClInclude Include="BTM.h">
      <Filter>Header Files</Filter>
    </ClInclude>
    <ClInclude Include="BTMDoc.h">
      <Filter>Header Files</Filter>
    </ClInclude>
    <ClInclude Include="BTMView.h">
      <Filter>Header Files</Filter>
    </ClInclude>
    <ClInclude Include="..\..\Library\Extras\About.h">
      <Filter>Header Files</Filter>
    </ClInclude>
    <ClInclude Include="..\..\Library\Extras\ExtraResource.h">
      <Filter>Header Files</Filter>
    </ClInclude>
    <ClInclude Include="..\..\Library\Extras\OptionsDlg.h">
      <Filter>Header Files</Filter>
    </ClInclude>
    <ClInclude Include="BTMbldr.h">
      <Filter>Header Files</Filter>
    </ClInclude>
    <ClInclude Include="BTMrcds.h">
      <Filter>Header Files</Filter>
    </ClInclude>
    <ClInclude Include="Labels.h">
      <Filter>Header Files</Filter>
    </ClInclude>
    <ClInclude Include="BTMrcd.h">
      <Filter>Header Files</Filter>
    </ClInclude>
    <ClInclude Include="..\Common\CSVrcdC.h">
      <Filter>Header Files</Filter>
    </ClInclude>
  </ItemGroup>
  <ItemGroup>
    <ClCompile Include="stdafx.cpp">
      <Filter>Source Files</Filter>
    </ClCompile>
    <ClCompile Include="MainFrame.cpp">
      <Filter>Source Files</Filter>
    </ClCompile>
    <ClCompile Include="BTM.cpp">
      <Filter>Source Files</Filter>
    </ClCompile>
    <ClCompile Include="BTMDoc.cpp">
      <Filter>Source Files</Filter>
    </ClCompile>
    <ClCompile Include="BTMView.cpp">
      <Filter>Source Files</Filter>
    </ClCompile>
    <ClCompile Include="..\..\Library\Extras\About.cpp">
      <Filter>Source Files</Filter>
    </ClCompile>
    <ClCompile Include="..\..\Library\Extras\OptionsDlg.cpp">
      <Filter>Source Files</Filter>
    </ClCompile>
    <ClCompile Include="BTMbldr.cpp">
      <Filter>Source Files</Filter>
    </ClCompile>
    <ClCompile Include="BTMrcds.cpp">
      <Filter>Source Files</Filter>
    </ClCompile>
    <ClCompile Include="Labels.cpp">
      <Filter>Source Files</Filter>
    </ClCompile>
    <ClCompile Include="..\Common\CSVrcdC.cpp">
      <Filter>Source Files</Filter>
    </ClCompile>
    <ClCompile Include="BTMrcd.cpp">
      <Filter>Source Files</Filter>
    </ClCompile>
  </ItemGroup>
  <ItemGroup>
    <ResourceCompile Include="BTM.rc">
      <Filter>Resource Files</Filter>
    </ResourceCompile>
  </ItemGroup>
  <ItemGroup>
    <None Include="..\README.md" />
    <None Include="res\BTM.rc2">
      <Filter>Resource Files</Filter>
    </None>
    <None Include="..\..\Library\Extras\About.rc2">
      <Filter>Resource Files</Filter>
    </None>
    <None Include="..\..\Library\Extras\Options.rc2">
      <Filter>Resource Files</Filter>
    </None>
    <None Include="res\Toolbar.bmp">
      <Filter>Resource Files</Filter>
    </None>
  </ItemGroup>
  <ItemGroup>
    <Image Include="res\BTM.ico">
      <Filter>Resource Files</Filter>
    </Image>
    <Image Include="res\ShortToolbar.bmp">
      <Filter>Resource Files</Filter>
    </Image>
  </ItemGroup>
</Project>